// !$*UTF8*$!
{
	archiveVersion = 1;
	classes = {
	};
	objectVersion = 50;
	objects = {

/* Begin PBXBuildFile section */
		AE7D43822763A77D00E6B6D8 /* AppDelegate.swift in Sources */ = {isa = PBXBuildFile; fileRef = AE7D43812763A77D00E6B6D8 /* AppDelegate.swift */; };
		AE7D43842763A77D00E6B6D8 /* SceneDelegate.swift in Sources */ = {isa = PBXBuildFile; fileRef = AE7D43832763A77D00E6B6D8 /* SceneDelegate.swift */; };
		AE7D43862763A77D00E6B6D8 /* ViewController.swift in Sources */ = {isa = PBXBuildFile; fileRef = AE7D43852763A77D00E6B6D8 /* ViewController.swift */; };
		AE7D43892763A77D00E6B6D8 /* Main.storyboard in Resources */ = {isa = PBXBuildFile; fileRef = AE7D43872763A77D00E6B6D8 /* Main.storyboard */; };
		AE7D438B2763A78600E6B6D8 /* Assets.xcassets in Resources */ = {isa = PBXBuildFile; fileRef = AE7D438A2763A78600E6B6D8 /* Assets.xcassets */; };
		AE7D438E2763A78600E6B6D8 /* LaunchScreen.storyboard in Resources */ = {isa = PBXBuildFile; fileRef = AE7D438C2763A78600E6B6D8 /* LaunchScreen.storyboard */; };
		AE7D43992763A78600E6B6D8 /* CICDTests.swift in Sources */ = {isa = PBXBuildFile; fileRef = AE7D43982763A78600E6B6D8 /* CICDTests.swift */; };
		AE7D43A42763A78600E6B6D8 /* CICDUITests.swift in Sources */ = {isa = PBXBuildFile; fileRef = AE7D43A32763A78600E6B6D8 /* CICDUITests.swift */; };
/* End PBXBuildFile section */

/* Begin PBXContainerItemProxy section */
		AE7D43952763A78600E6B6D8 /* PBXContainerItemProxy */ = {
			isa = PBXContainerItemProxy;
			containerPortal = AE7D43762763A77D00E6B6D8 /* Project object */;
			proxyType = 1;
			remoteGlobalIDString = AE7D437D2763A77D00E6B6D8;
			remoteInfo = CICD;
		};
		AE7D43A02763A78600E6B6D8 /* PBXContainerItemProxy */ = {
			isa = PBXContainerItemProxy;
			containerPortal = AE7D43762763A77D00E6B6D8 /* Project object */;
			proxyType = 1;
			remoteGlobalIDString = AE7D437D2763A77D00E6B6D8;
			remoteInfo = CICD;
		};
/* End PBXContainerItemProxy section */

/* Begin PBXFileReference section */
		AE7D437E2763A77D00E6B6D8 /* CICD.app */ = {isa = PBXFileReference; explicitFileType = wrapper.application; includeInIndex = 0; path = CICD.app; sourceTree = BUILT_PRODUCTS_DIR; };
		AE7D43812763A77D00E6B6D8 /* AppDelegate.swift */ = {isa = PBXFileReference; lastKnownFileType = sourcecode.swift; path = AppDelegate.swift; sourceTree = "<group>"; };
		AE7D43832763A77D00E6B6D8 /* SceneDelegate.swift */ = {isa = PBXFileReference; lastKnownFileType = sourcecode.swift; path = SceneDelegate.swift; sourceTree = "<group>"; };
		AE7D43852763A77D00E6B6D8 /* ViewController.swift */ = {isa = PBXFileReference; lastKnownFileType = sourcecode.swift; path = ViewController.swift; sourceTree = "<group>"; };
		AE7D43882763A77D00E6B6D8 /* Base */ = {isa = PBXFileReference; lastKnownFileType = file.storyboard; name = Base; path = Base.lproj/Main.storyboard; sourceTree = "<group>"; };
		AE7D438A2763A78600E6B6D8 /* Assets.xcassets */ = {isa = PBXFileReference; lastKnownFileType = folder.assetcatalog; path = Assets.xcassets; sourceTree = "<group>"; };
		AE7D438D2763A78600E6B6D8 /* Base */ = {isa = PBXFileReference; lastKnownFileType = file.storyboard; name = Base; path = Base.lproj/LaunchScreen.storyboard; sourceTree = "<group>"; };
		AE7D438F2763A78600E6B6D8 /* Info.plist */ = {isa = PBXFileReference; lastKnownFileType = text.plist.xml; path = Info.plist; sourceTree = "<group>"; };
		AE7D43942763A78600E6B6D8 /* CICDTests.xctest */ = {isa = PBXFileReference; explicitFileType = wrapper.cfbundle; includeInIndex = 0; path = CICDTests.xctest; sourceTree = BUILT_PRODUCTS_DIR; };
		AE7D43982763A78600E6B6D8 /* CICDTests.swift */ = {isa = PBXFileReference; lastKnownFileType = sourcecode.swift; path = CICDTests.swift; sourceTree = "<group>"; };
		AE7D439A2763A78600E6B6D8 /* Info.plist */ = {isa = PBXFileReference; lastKnownFileType = text.plist.xml; path = Info.plist; sourceTree = "<group>"; };
		AE7D439F2763A78600E6B6D8 /* CICDUITests.xctest */ = {isa = PBXFileReference; explicitFileType = wrapper.cfbundle; includeInIndex = 0; path = CICDUITests.xctest; sourceTree = BUILT_PRODUCTS_DIR; };
		AE7D43A32763A78600E6B6D8 /* CICDUITests.swift */ = {isa = PBXFileReference; lastKnownFileType = sourcecode.swift; path = CICDUITests.swift; sourceTree = "<group>"; };
		AE7D43A52763A78600E6B6D8 /* Info.plist */ = {isa = PBXFileReference; lastKnownFileType = text.plist.xml; path = Info.plist; sourceTree = "<group>"; };
/* End PBXFileReference section */

/* Begin PBXFrameworksBuildPhase section */
		AE7D437B2763A77D00E6B6D8 /* Frameworks */ = {
			isa = PBXFrameworksBuildPhase;
			buildActionMask = 2147483647;
			files = (
			);
			runOnlyForDeploymentPostprocessing = 0;
		};
		AE7D43912763A78600E6B6D8 /* Frameworks */ = {
			isa = PBXFrameworksBuildPhase;
			buildActionMask = 2147483647;
			files = (
			);
			runOnlyForDeploymentPostprocessing = 0;
		};
		AE7D439C2763A78600E6B6D8 /* Frameworks */ = {
			isa = PBXFrameworksBuildPhase;
			buildActionMask = 2147483647;
			files = (
			);
			runOnlyForDeploymentPostprocessing = 0;
		};
/* End PBXFrameworksBuildPhase section */

/* Begin PBXGroup section */
		AE7D43752763A77D00E6B6D8 = {
			isa = PBXGroup;
			children = (
				AE7D43802763A77D00E6B6D8 /* CICD */,
				AE7D43972763A78600E6B6D8 /* CICDTests */,
				AE7D43A22763A78600E6B6D8 /* CICDUITests */,
				AE7D437F2763A77D00E6B6D8 /* Products */,
			);
			sourceTree = "<group>";
		};
		AE7D437F2763A77D00E6B6D8 /* Products */ = {
			isa = PBXGroup;
			children = (
				AE7D437E2763A77D00E6B6D8 /* CICD.app */,
				AE7D43942763A78600E6B6D8 /* CICDTests.xctest */,
				AE7D439F2763A78600E6B6D8 /* CICDUITests.xctest */,
			);
			name = Products;
			sourceTree = "<group>";
		};
		AE7D43802763A77D00E6B6D8 /* CICD */ = {
			isa = PBXGroup;
			children = (
				AE7D43812763A77D00E6B6D8 /* AppDelegate.swift */,
				AE7D43832763A77D00E6B6D8 /* SceneDelegate.swift */,
				AE7D43852763A77D00E6B6D8 /* ViewController.swift */,
				AE7D43872763A77D00E6B6D8 /* Main.storyboard */,
				AE7D438A2763A78600E6B6D8 /* Assets.xcassets */,
				AE7D438C2763A78600E6B6D8 /* LaunchScreen.storyboard */,
				AE7D438F2763A78600E6B6D8 /* Info.plist */,
			);
			path = CICD;
			sourceTree = "<group>";
		};
		AE7D43972763A78600E6B6D8 /* CICDTests */ = {
			isa = PBXGroup;
			children = (
				AE7D43982763A78600E6B6D8 /* CICDTests.swift */,
				AE7D439A2763A78600E6B6D8 /* Info.plist */,
			);
			path = CICDTests;
			sourceTree = "<group>";
		};
		AE7D43A22763A78600E6B6D8 /* CICDUITests */ = {
			isa = PBXGroup;
			children = (
				AE7D43A32763A78600E6B6D8 /* CICDUITests.swift */,
				AE7D43A52763A78600E6B6D8 /* Info.plist */,
			);
			path = CICDUITests;
			sourceTree = "<group>";
		};
/* End PBXGroup section */

/* Begin PBXNativeTarget section */
		AE7D437D2763A77D00E6B6D8 /* CICD */ = {
			isa = PBXNativeTarget;
			buildConfigurationList = AE7D43A82763A78600E6B6D8 /* Build configuration list for PBXNativeTarget "CICD" */;
			buildPhases = (
				AE7D437A2763A77D00E6B6D8 /* Sources */,
				AE7D437B2763A77D00E6B6D8 /* Frameworks */,
				AE7D437C2763A77D00E6B6D8 /* Resources */,
			);
			buildRules = (
			);
			dependencies = (
			);
			name = CICD;
			productName = CICD;
			productReference = AE7D437E2763A77D00E6B6D8 /* CICD.app */;
			productType = "com.apple.product-type.application";
		};
		AE7D43932763A78600E6B6D8 /* CICDTests */ = {
			isa = PBXNativeTarget;
			buildConfigurationList = AE7D43AB2763A78600E6B6D8 /* Build configuration list for PBXNativeTarget "CICDTests" */;
			buildPhases = (
				AE7D43902763A78600E6B6D8 /* Sources */,
				AE7D43912763A78600E6B6D8 /* Frameworks */,
				AE7D43922763A78600E6B6D8 /* Resources */,
			);
			buildRules = (
			);
			dependencies = (
				AE7D43962763A78600E6B6D8 /* PBXTargetDependency */,
			);
			name = CICDTests;
			productName = CICDTests;
			productReference = AE7D43942763A78600E6B6D8 /* CICDTests.xctest */;
			productType = "com.apple.product-type.bundle.unit-test";
		};
		AE7D439E2763A78600E6B6D8 /* CICDUITests */ = {
			isa = PBXNativeTarget;
			buildConfigurationList = AE7D43AE2763A78600E6B6D8 /* Build configuration list for PBXNativeTarget "CICDUITests" */;
			buildPhases = (
				AE7D439B2763A78600E6B6D8 /* Sources */,
				AE7D439C2763A78600E6B6D8 /* Frameworks */,
				AE7D439D2763A78600E6B6D8 /* Resources */,
			);
			buildRules = (
			);
			dependencies = (
				AE7D43A12763A78600E6B6D8 /* PBXTargetDependency */,
			);
			name = CICDUITests;
			productName = CICDUITests;
			productReference = AE7D439F2763A78600E6B6D8 /* CICDUITests.xctest */;
			productType = "com.apple.product-type.bundle.ui-testing";
		};
/* End PBXNativeTarget section */

/* Begin PBXProject section */
		AE7D43762763A77D00E6B6D8 /* Project object */ = {
			isa = PBXProject;
			attributes = {
				LastSwiftUpdateCheck = 1240;
				LastUpgradeCheck = 1240;
				TargetAttributes = {
					AE7D437D2763A77D00E6B6D8 = {
						CreatedOnToolsVersion = 12.4;
					};
					AE7D43932763A78600E6B6D8 = {
						CreatedOnToolsVersion = 12.4;
						TestTargetID = AE7D437D2763A77D00E6B6D8;
					};
					AE7D439E2763A78600E6B6D8 = {
						CreatedOnToolsVersion = 12.4;
						TestTargetID = AE7D437D2763A77D00E6B6D8;
					};
				};
			};
			buildConfigurationList = AE7D43792763A77D00E6B6D8 /* Build configuration list for PBXProject "CICD" */;
			compatibilityVersion = "Xcode 9.3";
			developmentRegion = en;
			hasScannedForEncodings = 0;
			knownRegions = (
				en,
				Base,
			);
			mainGroup = AE7D43752763A77D00E6B6D8;
			productRefGroup = AE7D437F2763A77D00E6B6D8 /* Products */;
			projectDirPath = "";
			projectRoot = "";
			targets = (
				AE7D437D2763A77D00E6B6D8 /* CICD */,
				AE7D43932763A78600E6B6D8 /* CICDTests */,
				AE7D439E2763A78600E6B6D8 /* CICDUITests */,
			);
		};
/* End PBXProject section */

/* Begin PBXResourcesBuildPhase section */
		AE7D437C2763A77D00E6B6D8 /* Resources */ = {
			isa = PBXResourcesBuildPhase;
			buildActionMask = 2147483647;
			files = (
				AE7D438E2763A78600E6B6D8 /* LaunchScreen.storyboard in Resources */,
				AE7D438B2763A78600E6B6D8 /* Assets.xcassets in Resources */,
				AE7D43892763A77D00E6B6D8 /* Main.storyboard in Resources */,
			);
			runOnlyForDeploymentPostprocessing = 0;
		};
		AE7D43922763A78600E6B6D8 /* Resources */ = {
			isa = PBXResourcesBuildPhase;
			buildActionMask = 2147483647;
			files = (
			);
			runOnlyForDeploymentPostprocessing = 0;
		};
		AE7D439D2763A78600E6B6D8 /* Resources */ = {
			isa = PBXResourcesBuildPhase;
			buildActionMask = 2147483647;
			files = (
			);
			runOnlyForDeploymentPostprocessing = 0;
		};
/* End PBXResourcesBuildPhase section */

/* Begin PBXSourcesBuildPhase section */
		AE7D437A2763A77D00E6B6D8 /* Sources */ = {
			isa = PBXSourcesBuildPhase;
			buildActionMask = 2147483647;
			files = (
				AE7D43862763A77D00E6B6D8 /* ViewController.swift in Sources */,
				AE7D43822763A77D00E6B6D8 /* AppDelegate.swift in Sources */,
				AE7D43842763A77D00E6B6D8 /* SceneDelegate.swift in Sources */,
			);
			runOnlyForDeploymentPostprocessing = 0;
		};
		AE7D43902763A78600E6B6D8 /* Sources */ = {
			isa = PBXSourcesBuildPhase;
			buildActionMask = 2147483647;
			files = (
				AE7D43992763A78600E6B6D8 /* CICDTests.swift in Sources */,
			);
			runOnlyForDeploymentPostprocessing = 0;
		};
		AE7D439B2763A78600E6B6D8 /* Sources */ = {
			isa = PBXSourcesBuildPhase;
			buildActionMask = 2147483647;
			files = (
				AE7D43A42763A78600E6B6D8 /* CICDUITests.swift in Sources */,
			);
			runOnlyForDeploymentPostprocessing = 0;
		};
/* End PBXSourcesBuildPhase section */

/* Begin PBXTargetDependency section */
		AE7D43962763A78600E6B6D8 /* PBXTargetDependency */ = {
			isa = PBXTargetDependency;
			target = AE7D437D2763A77D00E6B6D8 /* CICD */;
			targetProxy = AE7D43952763A78600E6B6D8 /* PBXContainerItemProxy */;
		};
		AE7D43A12763A78600E6B6D8 /* PBXTargetDependency */ = {
			isa = PBXTargetDependency;
			target = AE7D437D2763A77D00E6B6D8 /* CICD */;
			targetProxy = AE7D43A02763A78600E6B6D8 /* PBXContainerItemProxy */;
		};
/* End PBXTargetDependency section */

/* Begin PBXVariantGroup section */
		AE7D43872763A77D00E6B6D8 /* Main.storyboard */ = {
			isa = PBXVariantGroup;
			children = (
				AE7D43882763A77D00E6B6D8 /* Base */,
			);
			name = Main.storyboard;
			sourceTree = "<group>";
		};
		AE7D438C2763A78600E6B6D8 /* LaunchScreen.storyboard */ = {
			isa = PBXVariantGroup;
			children = (
				AE7D438D2763A78600E6B6D8 /* Base */,
			);
			name = LaunchScreen.storyboard;
			sourceTree = "<group>";
		};
/* End PBXVariantGroup section */

/* Begin XCBuildConfiguration section */
		AE7D43A62763A78600E6B6D8 /* Debug */ = {
			isa = XCBuildConfiguration;
			buildSettings = {
				ALWAYS_SEARCH_USER_PATHS = NO;
				CLANG_ANALYZER_NONNULL = YES;
				CLANG_ANALYZER_NUMBER_OBJECT_CONVERSION = YES_AGGRESSIVE;
				CLANG_CXX_LANGUAGE_STANDARD = "gnu++14";
				CLANG_CXX_LIBRARY = "libc++";
				CLANG_ENABLE_MODULES = YES;
				CLANG_ENABLE_OBJC_ARC = YES;
				CLANG_ENABLE_OBJC_WEAK = YES;
				CLANG_WARN_BLOCK_CAPTURE_AUTORELEASING = YES;
				CLANG_WARN_BOOL_CONVERSION = YES;
				CLANG_WARN_COMMA = YES;
				CLANG_WARN_CONSTANT_CONVERSION = YES;
				CLANG_WARN_DEPRECATED_OBJC_IMPLEMENTATIONS = YES;
				CLANG_WARN_DIRECT_OBJC_ISA_USAGE = YES_ERROR;
				CLANG_WARN_DOCUMENTATION_COMMENTS = YES;
				CLANG_WARN_EMPTY_BODY = YES;
				CLANG_WARN_ENUM_CONVERSION = YES;
				CLANG_WARN_INFINITE_RECURSION = YES;
				CLANG_WARN_INT_CONVERSION = YES;
				CLANG_WARN_NON_LITERAL_NULL_CONVERSION = YES;
				CLANG_WARN_OBJC_IMPLICIT_RETAIN_SELF = YES;
				CLANG_WARN_OBJC_LITERAL_CONVERSION = YES;
				CLANG_WARN_OBJC_ROOT_CLASS = YES_ERROR;
				CLANG_WARN_QUOTED_INCLUDE_IN_FRAMEWORK_HEADER = YES;
				CLANG_WARN_RANGE_LOOP_ANALYSIS = YES;
				CLANG_WARN_STRICT_PROTOTYPES = YES;
				CLANG_WARN_SUSPICIOUS_MOVE = YES;
				CLANG_WARN_UNGUARDED_AVAILABILITY = YES_AGGRESSIVE;
				CLANG_WARN_UNREACHABLE_CODE = YES;
				CLANG_WARN__DUPLICATE_METHOD_MATCH = YES;
				COPY_PHASE_STRIP = NO;
				DEBUG_INFORMATION_FORMAT = dwarf;
				ENABLE_STRICT_OBJC_MSGSEND = YES;
				ENABLE_TESTABILITY = YES;
				GCC_C_LANGUAGE_STANDARD = gnu11;
				GCC_DYNAMIC_NO_PIC = NO;
				GCC_NO_COMMON_BLOCKS = YES;
				GCC_OPTIMIZATION_LEVEL = 0;
				GCC_PREPROCESSOR_DEFINITIONS = (
					"DEBUG=1",
					"$(inherited)",
				);
				GCC_WARN_64_TO_32_BIT_CONVERSION = YES;
				GCC_WARN_ABOUT_RETURN_TYPE = YES_ERROR;
				GCC_WARN_UNDECLARED_SELECTOR = YES;
				GCC_WARN_UNINITIALIZED_AUTOS = YES_AGGRESSIVE;
				GCC_WARN_UNUSED_FUNCTION = YES;
				GCC_WARN_UNUSED_VARIABLE = YES;
				IPHONEOS_DEPLOYMENT_TARGET = 14.4;
				MTL_ENABLE_DEBUG_INFO = INCLUDE_SOURCE;
				MTL_FAST_MATH = YES;
				ONLY_ACTIVE_ARCH = YES;
				SDKROOT = iphoneos;
				SWIFT_ACTIVE_COMPILATION_CONDITIONS = DEBUG;
				SWIFT_OPTIMIZATION_LEVEL = "-Onone";
			};
			name = Debug;
		};
		AE7D43A72763A78600E6B6D8 /* Release */ = {
			isa = XCBuildConfiguration;
			buildSettings = {
				ALWAYS_SEARCH_USER_PATHS = NO;
				CLANG_ANALYZER_NONNULL = YES;
				CLANG_ANALYZER_NUMBER_OBJECT_CONVERSION = YES_AGGRESSIVE;
				CLANG_CXX_LANGUAGE_STANDARD = "gnu++14";
				CLANG_CXX_LIBRARY = "libc++";
				CLANG_ENABLE_MODULES = YES;
				CLANG_ENABLE_OBJC_ARC = YES;
				CLANG_ENABLE_OBJC_WEAK = YES;
				CLANG_WARN_BLOCK_CAPTURE_AUTORELEASING = YES;
				CLANG_WARN_BOOL_CONVERSION = YES;
				CLANG_WARN_COMMA = YES;
				CLANG_WARN_CONSTANT_CONVERSION = YES;
				CLANG_WARN_DEPRECATED_OBJC_IMPLEMENTATIONS = YES;
				CLANG_WARN_DIRECT_OBJC_ISA_USAGE = YES_ERROR;
				CLANG_WARN_DOCUMENTATION_COMMENTS = YES;
				CLANG_WARN_EMPTY_BODY = YES;
				CLANG_WARN_ENUM_CONVERSION = YES;
				CLANG_WARN_INFINITE_RECURSION = YES;
				CLANG_WARN_INT_CONVERSION = YES;
				CLANG_WARN_NON_LITERAL_NULL_CONVERSION = YES;
				CLANG_WARN_OBJC_IMPLICIT_RETAIN_SELF = YES;
				CLANG_WARN_OBJC_LITERAL_CONVERSION = YES;
				CLANG_WARN_OBJC_ROOT_CLASS = YES_ERROR;
				CLANG_WARN_QUOTED_INCLUDE_IN_FRAMEWORK_HEADER = YES;
				CLANG_WARN_RANGE_LOOP_ANALYSIS = YES;
				CLANG_WARN_STRICT_PROTOTYPES = YES;
				CLANG_WARN_SUSPICIOUS_MOVE = YES;
				CLANG_WARN_UNGUARDED_AVAILABILITY = YES_AGGRESSIVE;
				CLANG_WARN_UNREACHABLE_CODE = YES;
				CLANG_WARN__DUPLICATE_METHOD_MATCH = YES;
				COPY_PHASE_STRIP = NO;
				DEBUG_INFORMATION_FORMAT = "dwarf-with-dsym";
				ENABLE_NS_ASSERTIONS = NO;
				ENABLE_STRICT_OBJC_MSGSEND = YES;
				GCC_C_LANGUAGE_STANDARD = gnu11;
				GCC_NO_COMMON_BLOCKS = YES;
				GCC_WARN_64_TO_32_BIT_CONVERSION = YES;
				GCC_WARN_ABOUT_RETURN_TYPE = YES_ERROR;
				GCC_WARN_UNDECLARED_SELECTOR = YES;
				GCC_WARN_UNINITIALIZED_AUTOS = YES_AGGRESSIVE;
				GCC_WARN_UNUSED_FUNCTION = YES;
				GCC_WARN_UNUSED_VARIABLE = YES;
				IPHONEOS_DEPLOYMENT_TARGET = 14.4;
				MTL_ENABLE_DEBUG_INFO = NO;
				MTL_FAST_MATH = YES;
				SDKROOT = iphoneos;
				SWIFT_COMPILATION_MODE = wholemodule;
				SWIFT_OPTIMIZATION_LEVEL = "-O";
				VALIDATE_PRODUCT = YES;
			};
			name = Release;
		};
		AE7D43A92763A78600E6B6D8 /* Debug */ = {
			isa = XCBuildConfiguration;
			buildSettings = {
				ASSETCATALOG_COMPILER_APPICON_NAME = AppIcon;
				ASSETCATALOG_COMPILER_GLOBAL_ACCENT_COLOR_NAME = AccentColor;
				CODE_SIGN_STYLE = Automatic;
				DEVELOPMENT_TEAM = 3JEGFD62GB;
				INFOPLIST_FILE = CICD/Info.plist;
				LD_RUNPATH_SEARCH_PATHS = (
					"$(inherited)",
					"@executable_path/Frameworks",
				);
				PRODUCT_BUNDLE_IDENTIFIER = com.yookie.CICD;
				PRODUCT_NAME = "$(TARGET_NAME)";
				SWIFT_VERSION = 5.0;
				TARGETED_DEVICE_FAMILY = "1,2";
			};
			name = Debug;
		};
		AE7D43AA2763A78600E6B6D8 /* Release */ = {
			isa = XCBuildConfiguration;
			buildSettings = {
				ASSETCATALOG_COMPILER_APPICON_NAME = AppIcon;
				ASSETCATALOG_COMPILER_GLOBAL_ACCENT_COLOR_NAME = AccentColor;
				CODE_SIGN_STYLE = Automatic;
				DEVELOPMENT_TEAM = 3JEGFD62GB;
				INFOPLIST_FILE = CICD/Info.plist;
				LD_RUNPATH_SEARCH_PATHS = (
					"$(inherited)",
					"@executable_path/Frameworks",
				);
				PRODUCT_BUNDLE_IDENTIFIER = com.yookie.CICD;
				PRODUCT_NAME = "$(TARGET_NAME)";
				SWIFT_VERSION = 5.0;
				TARGETED_DEVICE_FAMILY = "1,2";
			};
			name = Release;
		};
		AE7D43AC2763A78600E6B6D8 /* Debug */ = {
			isa = XCBuildConfiguration;
			buildSettings = {
				ALWAYS_EMBED_SWIFT_STANDARD_LIBRARIES = YES;
				BUNDLE_LOADER = "$(TEST_HOST)";
				CODE_SIGN_STYLE = Automatic;
				DEVELOPMENT_TEAM = 3JEGFD62GB;
				INFOPLIST_FILE = CICDTests/Info.plist;
				IPHONEOS_DEPLOYMENT_TARGET = 14.4;
				LD_RUNPATH_SEARCH_PATHS = (
					"$(inherited)",
					"@executable_path/Frameworks",
					"@loader_path/Frameworks",
				);
				PRODUCT_BUNDLE_IDENTIFIER = com.yookie.CICDTests;
				PRODUCT_NAME = "$(TARGET_NAME)";
				SWIFT_VERSION = 5.0;
				TARGETED_DEVICE_FAMILY = "1,2";
				TEST_HOST = "$(BUILT_PRODUCTS_DIR)/CICD.app/CICD";
			};
			name = Debug;
		};
		AE7D43AD2763A78600E6B6D8 /* Release */ = {
			isa = XCBuildConfiguration;
			buildSettings = {
				ALWAYS_EMBED_SWIFT_STANDARD_LIBRARIES = YES;
				BUNDLE_LOADER = "$(TEST_HOST)";
				CODE_SIGN_STYLE = Automatic;
				DEVELOPMENT_TEAM = 3JEGFD62GB;
				INFOPLIST_FILE = CICDTests/Info.plist;
				IPHONEOS_DEPLOYMENT_TARGET = 14.4;
				LD_RUNPATH_SEARCH_PATHS = (
					"$(inherited)",
					"@executable_path/Frameworks",
					"@loader_path/Frameworks",
				);
				PRODUCT_BUNDLE_IDENTIFIER = com.yookie.CICDTests;
				PRODUCT_NAME = "$(TARGET_NAME)";
				SWIFT_VERSION = 5.0;
				TARGETED_DEVICE_FAMILY = "1,2";
				TEST_HOST = "$(BUILT_PRODUCTS_DIR)/CICD.app/CICD";
			};
			name = Release;
		};
		AE7D43AF2763A78600E6B6D8 /* Debug */ = {
			isa = XCBuildConfiguration;
			buildSettings = {
				ALWAYS_EMBED_SWIFT_STANDARD_LIBRARIES = YES;
				CODE_SIGN_STYLE = Automatic;
				DEVELOPMENT_TEAM = 3JEGFD62GB;
				INFOPLIST_FILE = CICDUITests/Info.plist;
				LD_RUNPATH_SEARCH_PATHS = (
					"$(inherited)",
					"@executable_path/Frameworks",
					"@loader_path/Frameworks",
				);
				PRODUCT_BUNDLE_IDENTIFIER = com.yookie.CICDUITests;
				PRODUCT_NAME = "$(TARGET_NAME)";
				SWIFT_VERSION = 5.0;
				TARGETED_DEVICE_FAMILY = "1,2";
				TEST_TARGET_NAME = CICD;
			};
			name = Debug;
		};
		AE7D43B02763A78600E6B6D8 /* Release */ = {
			isa = XCBuildConfiguration;
			buildSettings = {
				ALWAYS_EMBED_SWIFT_STANDARD_LIBRARIES = YES;
				CODE_SIGN_STYLE = Automatic;
				DEVELOPMENT_TEAM = 3JEGFD62GB;
				INFOPLIST_FILE = CICDUITests/Info.plist;
				LD_RUNPATH_SEARCH_PATHS = (
					"$(inherited)",
					"@executable_path/Frameworks",
					"@loader_path/Frameworks",
				);
				PRODUCT_BUNDLE_IDENTIFIER = com.yookie.CICDUITests;
				PRODUCT_NAME = "$(TARGET_NAME)";
				SWIFT_VERSION = 5.0;
				TARGETED_DEVICE_FAMILY = "1,2";
				TEST_TARGET_NAME = CICD;
			};
			name = Release;
		};
/* End XCBuildConfiguration section */

/* Begin XCConfigurationList section */
		AE7D43792763A77D00E6B6D8 /* Build configuration list for PBXProject "CICD" */ = {
			isa = XCConfigurationList;
			buildConfigurations = (
				AE7D43A62763A78600E6B6D8 /* Debug */,
				AE7D43A72763A78600E6B6D8 /* Release */,
			);
			defaultConfigurationIsVisible = 0;
			defaultConfigurationName = Release;
		};
		AE7D43A82763A78600E6B6D8 /* Build configuration list for PBXNativeTarget "CICD" */ = {
			isa = XCConfigurationList;
			buildConfigurations = (
				AE7D43A92763A78600E6B6D8 /* Debug */,
				AE7D43AA2763A78600E6B6D8 /* Release */,
			);
			defaultConfigurationIsVisible = 0;
			defaultConfigurationName = Release;
		};
		AE7D43AB2763A78600E6B6D8 /* Build configuration list for PBXNativeTarget "CICDTests" */ = {
			isa = XCConfigurationList;
			buildConfigurations = (
				AE7D43AC2763A78600E6B6D8 /* Debug */,
				AE7D43AD2763A78600E6B6D8 /* Release */,
			);
			defaultConfigurationIsVisible = 0;
			defaultConfigurationName = Release;
		};
		AE7D43AE2763A78600E6B6D8 /* Build configuration list for PBXNativeTarget "CICDUITests" */ = {
			isa = XCConfigurationList;
			buildConfigurations = (
				AE7D43AF2763A78600E6B6D8 /* Debug */,
				AE7D43B02763A78600E6B6D8 /* Release */,
			);
			defaultConfigurationIsVisible = 0;
			defaultConfigurationName = Release;
		};
/* End XCConfigurationList section */
	};
	rootObject = AE7D43762763A77D00E6B6D8 /* Project object */;
}
